# This file is automatically @generated by Poetry 1.5.1 and should not be changed by hand.

[[package]]
name = "python-statemachine"
version = "2.1.1"
description = "Python Finite State Machines made easy."
optional = false
python-versions = ">=3.7,<3.12"
files = [
    {file = "python_statemachine-2.1.1-py3-none-any.whl", hash = "sha256:1ef93e467dd3be9949ac81052a35159af04de14650bb053873a0e5d7406b1385"},
    {file = "python_statemachine-2.1.1.tar.gz", hash = "sha256:5aabafa4b98a0b65a1d3d400707f7c86eae62f0ad1f233d7858f1bc4cef5dae0"},
]

[[package]]
name = "six"
version = "1.16.0"
description = "Python 2 and 3 compatibility utilities"
optional = false
python-versions = ">=2.7, !=3.0.*, !=3.1.*, !=3.2.*"
files = [
    {file = "six-1.16.0-py2.py3-none-any.whl", hash = "sha256:8abb2f1d86890a2dfb989f9a77cfcfd3e47c2a354b01111771326f8aa26e0254"},
    {file = "six-1.16.0.tar.gz", hash = "sha256:1e61c37477a1626458e36f7b1d82aa5c9b094fa4802892072e49de9c60c4c926"},
]

[[package]]
name = "transitions"
version = "0.9.0"
description = "A lightweight, object-oriented Python state machine implementation with many extensions."
optional = false
python-versions = "*"
files = [
    {file = "transitions-0.9.0-py2.py3-none-any.whl", hash = "sha256:5687ee8c6a3200830e44f988d16b0045f53293f7a873002d7bff70852331a078"},
    {file = "transitions-0.9.0.tar.gz", hash = "sha256:2f54d11bdb225779d7e729011e93a9fb717668ce3dc65f8d4f5a5d7ba2f48e10"},
]

[package.dependencies]
six = "*"

[package.extras]
diagrams = ["pygraphviz"]
test = ["pytest"]

[metadata]
lock-version = "2.0"
python-versions = ">=3.7,<3.12"
content-hash = "2e8c01f2cffda251af8ac167bcd34d748fa3f10fbf4882619fbc212295f8e711"
